// !$*UTF8*$!
{
	archiveVersion = 1;
	classes = {
	};
	objectVersion = 48;
	objects = {

/* Begin PBXBuildFile section */
		A08352821FCBC131004CF83B /* AppDelegate.m in Sources */ = {isa = PBXBuildFile; fileRef = A08352811FCBC131004CF83B /* AppDelegate.m */; };
		A08352851FCBC131004CF83B /* ViewController.m in Sources */ = {isa = PBXBuildFile; fileRef = A08352841FCBC131004CF83B /* ViewController.m */; };
		A08352881FCBC131004CF83B /* Main.storyboard in Resources */ = {isa = PBXBuildFile; fileRef = A08352861FCBC131004CF83B /* Main.storyboard */; };
		A083528A1FCBC131004CF83B /* Assets.xcassets in Resources */ = {isa = PBXBuildFile; fileRef = A08352891FCBC131004CF83B /* Assets.xcassets */; };
		A083528D1FCBC131004CF83B /* LaunchScreen.storyboard in Resources */ = {isa = PBXBuildFile; fileRef = A083528B1FCBC131004CF83B /* LaunchScreen.storyboard */; };
		A08352901FCBC131004CF83B /* main.m in Sources */ = {isa = PBXBuildFile; fileRef = A083528F1FCBC131004CF83B /* main.m */; };
		A083529A1FCBC131004CF83B /* IndexDemoTests.m in Sources */ = {isa = PBXBuildFile; fileRef = A08352991FCBC131004CF83B /* IndexDemoTests.m */; };
		A08352A51FCBC131004CF83B /* IndexDemoUITests.m in Sources */ = {isa = PBXBuildFile; fileRef = A08352A41FCBC131004CF83B /* IndexDemoUITests.m */; };
		A08352B41FCBC175004CF83B /* RefreshHeaader.m in Sources */ = {isa = PBXBuildFile; fileRef = A08352B31FCBC174004CF83B /* RefreshHeaader.m */; };
		A08352B71FCBE6D3004CF83B /* UIButton+Index.m in Sources */ = {isa = PBXBuildFile; fileRef = A08352B61FCBE6D3004CF83B /* UIButton+Index.m */; };
		A08352BA1FCBED9B004CF83B /* IndexButton.m in Sources */ = {isa = PBXBuildFile; fileRef = A08352B91FCBED9B004CF83B /* IndexButton.m */; };
		A08353001FCC043B004CF83B /* FMRefreshHeader.m in Sources */ = {isa = PBXBuildFile; fileRef = A08352FF1FCC043B004CF83B /* FMRefreshHeader.m */; };
/* End PBXBuildFile section */

/* Begin PBXContainerItemProxy section */
		A08352961FCBC131004CF83B /* PBXContainerItemProxy */ = {
			isa = PBXContainerItemProxy;
			containerPortal = A08352751FCBC130004CF83B /* Project object */;
			proxyType = 1;
			remoteGlobalIDString = A083527C1FCBC130004CF83B;
			remoteInfo = IndexDemo;
		};
		A08352A11FCBC131004CF83B /* PBXContainerItemProxy */ = {
			isa = PBXContainerItemProxy;
			containerPortal = A08352751FCBC130004CF83B /* Project object */;
			proxyType = 1;
			remoteGlobalIDString = A083527C1FCBC130004CF83B;
			remoteInfo = IndexDemo;
		};
/* End PBXContainerItemProxy section */

/* Begin PBXFileReference section */
		A083527D1FCBC130004CF83B /* IndexDemo.app */ = {isa = PBXFileReference; explicitFileType = wrapper.application; includeInIndex = 0; path = IndexDemo.app; sourceTree = BUILT_PRODUCTS_DIR; };
		A08352801FCBC130004CF83B /* AppDelegate.h */ = {isa = PBXFileReference; lastKnownFileType = sourcecode.c.h; path = AppDelegate.h; sourceTree = "<group>"; };
		A08352811FCBC131004CF83B /* AppDelegate.m */ = {isa = PBXFileReference; lastKnownFileType = sourcecode.c.objc; path = AppDelegate.m; sourceTree = "<group>"; };
		A08352831FCBC131004CF83B /* ViewController.h */ = {isa = PBXFileReference; lastKnownFileType = sourcecode.c.h; path = ViewController.h; sourceTree = "<group>"; };
		A08352841FCBC131004CF83B /* ViewController.m */ = {isa = PBXFileReference; lastKnownFileType = sourcecode.c.objc; path = ViewController.m; sourceTree = "<group>"; };
		A08352871FCBC131004CF83B /* Base */ = {isa = PBXFileReference; lastKnownFileType = file.storyboard; name = Base; path = Base.lproj/Main.storyboard; sourceTree = "<group>"; };
		A08352891FCBC131004CF83B /* Assets.xcassets */ = {isa = PBXFileReference; lastKnownFileType = folder.assetcatalog; path = Assets.xcassets; sourceTree = "<group>"; };
		A083528C1FCBC131004CF83B /* Base */ = {isa = PBXFileReference; lastKnownFileType = file.storyboard; name = Base; path = Base.lproj/LaunchScreen.storyboard; sourceTree = "<group>"; };
		A083528E1FCBC131004CF83B /* Info.plist */ = {isa = PBXFileReference; lastKnownFileType = text.plist.xml; path = Info.plist; sourceTree = "<group>"; };
		A083528F1FCBC131004CF83B /* main.m */ = {isa = PBXFileReference; lastKnownFileType = sourcecode.c.objc; path = main.m; sourceTree = "<group>"; };
		A08352951FCBC131004CF83B /* IndexDemoTests.xctest */ = {isa = PBXFileReference; explicitFileType = wrapper.cfbundle; includeInIndex = 0; path = IndexDemoTests.xctest; sourceTree = BUILT_PRODUCTS_DIR; };
		A08352991FCBC131004CF83B /* IndexDemoTests.m */ = {isa = PBXFileReference; lastKnownFileType = sourcecode.c.objc; path = IndexDemoTests.m; sourceTree = "<group>"; };
		A083529B1FCBC131004CF83B /* Info.plist */ = {isa = PBXFileReference; lastKnownFileType = text.plist.xml; path = Info.plist; sourceTree = "<group>"; };
		A08352A01FCBC131004CF83B /* IndexDemoUITests.xctest */ = {isa = PBXFileReference; explicitFileType = wrapper.cfbundle; includeInIndex = 0; path = IndexDemoUITests.xctest; sourceTree = BUILT_PRODUCTS_DIR; };
		A08352A41FCBC131004CF83B /* IndexDemoUITests.m */ = {isa = PBXFileReference; lastKnownFileType = sourcecode.c.objc; path = IndexDemoUITests.m; sourceTree = "<group>"; };
		A08352A61FCBC131004CF83B /* Info.plist */ = {isa = PBXFileReference; lastKnownFileType = text.plist.xml; path = Info.plist; sourceTree = "<group>"; };
		A08352B21FCBC174004CF83B /* RefreshHeaader.h */ = {isa = PBXFileReference; fileEncoding = 4; lastKnownFileType = sourcecode.c.h; path = RefreshHeaader.h; sourceTree = "<group>"; };
		A08352B31FCBC174004CF83B /* RefreshHeaader.m */ = {isa = PBXFileReference; fileEncoding = 4; lastKnownFileType = sourcecode.c.objc; path = RefreshHeaader.m; sourceTree = "<group>"; };
		A08352B51FCBE6D2004CF83B /* UIButton+Index.h */ = {isa = PBXFileReference; fileEncoding = 4; lastKnownFileType = sourcecode.c.h; path = "UIButton+Index.h"; sourceTree = "<group>"; };
		A08352B61FCBE6D3004CF83B /* UIButton+Index.m */ = {isa = PBXFileReference; fileEncoding = 4; lastKnownFileType = sourcecode.c.objc; path = "UIButton+Index.m"; sourceTree = "<group>"; };
		A08352B81FCBED9B004CF83B /* IndexButton.h */ = {isa = PBXFileReference; lastKnownFileType = sourcecode.c.h; path = IndexButton.h; sourceTree = "<group>"; };
		A08352B91FCBED9B004CF83B /* IndexButton.m */ = {isa = PBXFileReference; lastKnownFileType = sourcecode.c.objc; path = IndexButton.m; sourceTree = "<group>"; };
		A08352FE1FCC043B004CF83B /* FMRefreshHeader.h */ = {isa = PBXFileReference; fileEncoding = 4; lastKnownFileType = sourcecode.c.h; path = FMRefreshHeader.h; sourceTree = "<group>"; };
		A08352FF1FCC043B004CF83B /* FMRefreshHeader.m */ = {isa = PBXFileReference; fileEncoding = 4; lastKnownFileType = sourcecode.c.objc; path = FMRefreshHeader.m; sourceTree = "<group>"; };
/* End PBXFileReference section */

/* Begin PBXFrameworksBuildPhase section */
		A083527A1FCBC130004CF83B /* Frameworks */ = {
			isa = PBXFrameworksBuildPhase;
			buildActionMask = 2147483647;
			files = (
			);
			runOnlyForDeploymentPostprocessing = 0;
		};
		A08352921FCBC131004CF83B /* Frameworks */ = {
			isa = PBXFrameworksBuildPhase;
			buildActionMask = 2147483647;
			files = (
			);
			runOnlyForDeploymentPostprocessing = 0;
		};
		A083529D1FCBC131004CF83B /* Frameworks */ = {
			isa = PBXFrameworksBuildPhase;
			buildActionMask = 2147483647;
			files = (
			);
			runOnlyForDeploymentPostprocessing = 0;
		};
/* End PBXFrameworksBuildPhase section */

/* Begin PBXGroup section */
		A08352741FCBC130004CF83B = {
			isa = PBXGroup;
			children = (
				A083527F1FCBC130004CF83B /* IndexDemo */,
				A08352981FCBC131004CF83B /* IndexDemoTests */,
				A08352A31FCBC131004CF83B /* IndexDemoUITests */,
				A083527E1FCBC130004CF83B /* Products */,
			);
			sourceTree = "<group>";
		};
		A083527E1FCBC130004CF83B /* Products */ = {
			isa = PBXGroup;
			children = (
				A083527D1FCBC130004CF83B /* IndexDemo.app */,
				A08352951FCBC131004CF83B /* IndexDemoTests.xctest */,
				A08352A01FCBC131004CF83B /* IndexDemoUITests.xctest */,
			);
			name = Products;
			sourceTree = "<group>";
		};
		A083527F1FCBC130004CF83B /* IndexDemo */ = {
			isa = PBXGroup;
			children = (
				A08352B21FCBC174004CF83B /* RefreshHeaader.h */,
				A08352B31FCBC174004CF83B /* RefreshHeaader.m */,
				A08352801FCBC130004CF83B /* AppDelegate.h */,
				A08352811FCBC131004CF83B /* AppDelegate.m */,
				A08352831FCBC131004CF83B /* ViewController.h */,
				A08352841FCBC131004CF83B /* ViewController.m */,
				A08352FE1FCC043B004CF83B /* FMRefreshHeader.h */,
				A08352FF1FCC043B004CF83B /* FMRefreshHeader.m */,
				A08352B81FCBED9B004CF83B /* IndexButton.h */,
				A08352B91FCBED9B004CF83B /* IndexButton.m */,
				A08352B51FCBE6D2004CF83B /* UIButton+Index.h */,
				A08352B61FCBE6D3004CF83B /* UIButton+Index.m */,
				A08352861FCBC131004CF83B /* Main.storyboard */,
				A08352891FCBC131004CF83B /* Assets.xcassets */,
				A083528B1FCBC131004CF83B /* LaunchScreen.storyboard */,
				A083528E1FCBC131004CF83B /* Info.plist */,
				A083528F1FCBC131004CF83B /* main.m */,
			);
			path = IndexDemo;
			sourceTree = "<group>";
		};
		A08352981FCBC131004CF83B /* IndexDemoTests */ = {
			isa = PBXGroup;
			children = (
				A08352991FCBC131004CF83B /* IndexDemoTests.m */,
				A083529B1FCBC131004CF83B /* Info.plist */,
			);
			path = IndexDemoTests;
			sourceTree = "<group>";
		};
		A08352A31FCBC131004CF83B /* IndexDemoUITests */ = {
			isa = PBXGroup;
			children = (
				A08352A41FCBC131004CF83B /* IndexDemoUITests.m */,
				A08352A61FCBC131004CF83B /* Info.plist */,
			);
			path = IndexDemoUITests;
			sourceTree = "<group>";
		};
/* End PBXGroup section */

/* Begin PBXNativeTarget section */
		A083527C1FCBC130004CF83B /* IndexDemo */ = {
			isa = PBXNativeTarget;
			buildConfigurationList = A08352A91FCBC131004CF83B /* Build configuration list for PBXNativeTarget "IndexDemo" */;
			buildPhases = (
				A08352791FCBC130004CF83B /* Sources */,
				A083527A1FCBC130004CF83B /* Frameworks */,
				A083527B1FCBC130004CF83B /* Resources */,
			);
			buildRules = (
			);
			dependencies = (
			);
			name = IndexDemo;
			productName = IndexDemo;
			productReference = A083527D1FCBC130004CF83B /* IndexDemo.app */;
			productType = "com.apple.product-type.application";
		};
		A08352941FCBC131004CF83B /* IndexDemoTests */ = {
			isa = PBXNativeTarget;
			buildConfigurationList = A08352AC1FCBC131004CF83B /* Build configuration list for PBXNativeTarget "IndexDemoTests" */;
			buildPhases = (
				A08352911FCBC131004CF83B /* Sources */,
				A08352921FCBC131004CF83B /* Frameworks */,
				A08352931FCBC131004CF83B /* Resources */,
			);
			buildRules = (
			);
			dependencies = (
				A08352971FCBC131004CF83B /* PBXTargetDependency */,
			);
			name = IndexDemoTests;
			productName = IndexDemoTests;
			productReference = A08352951FCBC131004CF83B /* IndexDemoTests.xctest */;
			productType = "com.apple.product-type.bundle.unit-test";
		};
		A083529F1FCBC131004CF83B /* IndexDemoUITests */ = {
			isa = PBXNativeTarget;
			buildConfigurationList = A08352AF1FCBC131004CF83B /* Build configuration list for PBXNativeTarget "IndexDemoUITests" */;
			buildPhases = (
				A083529C1FCBC131004CF83B /* Sources */,
				A083529D1FCBC131004CF83B /* Frameworks */,
				A083529E1FCBC131004CF83B /* Resources */,
			);
			buildRules = (
			);
			dependencies = (
				A08352A21FCBC131004CF83B /* PBXTargetDependency */,
			);
			name = IndexDemoUITests;
			productName = IndexDemoUITests;
			productReference = A08352A01FCBC131004CF83B /* IndexDemoUITests.xctest */;
			productType = "com.apple.product-type.bundle.ui-testing";
		};
/* End PBXNativeTarget section */

/* Begin PBXProject section */
		A08352751FCBC130004CF83B /* Project object */ = {
			isa = PBXProject;
			attributes = {
				LastUpgradeCheck = 0910;
				ORGANIZATIONNAME = zhangxiaoliang;
				TargetAttributes = {
					A083527C1FCBC130004CF83B = {
						CreatedOnToolsVersion = 9.1;
						ProvisioningStyle = Automatic;
					};
					A08352941FCBC131004CF83B = {
						CreatedOnToolsVersion = 9.1;
						ProvisioningStyle = Automatic;
						TestTargetID = A083527C1FCBC130004CF83B;
					};
					A083529F1FCBC131004CF83B = {
						CreatedOnToolsVersion = 9.1;
						ProvisioningStyle = Automatic;
						TestTargetID = A083527C1FCBC130004CF83B;
					};
				};
			};
			buildConfigurationList = A08352781FCBC130004CF83B /* Build configuration list for PBXProject "IndexDemo" */;
			compatibilityVersion = "Xcode 8.0";
			developmentRegion = en;
			hasScannedForEncodings = 0;
			knownRegions = (
				en,
				Base,
			);
			mainGroup = A08352741FCBC130004CF83B;
			productRefGroup = A083527E1FCBC130004CF83B /* Products */;
			projectDirPath = "";
			projectRoot = "";
			targets = (
				A083527C1FCBC130004CF83B /* IndexDemo */,
				A08352941FCBC131004CF83B /* IndexDemoTests */,
				A083529F1FCBC131004CF83B /* IndexDemoUITests */,
			);
		};
/* End PBXProject section */

/* Begin PBXResourcesBuildPhase section */
		A083527B1FCBC130004CF83B /* Resources */ = {
			isa = PBXResourcesBuildPhase;
			buildActionMask = 2147483647;
			files = (
				A083528D1FCBC131004CF83B /* LaunchScreen.storyboard in Resources */,
				A083528A1FCBC131004CF83B /* Assets.xcassets in Resources */,
				A08352881FCBC131004CF83B /* Main.storyboard in Resources */,
			);
			runOnlyForDeploymentPostprocessing = 0;
		};
		A08352931FCBC131004CF83B /* Resources */ = {
			isa = PBXResourcesBuildPhase;
			buildActionMask = 2147483647;
			files = (
			);
			runOnlyForDeploymentPostprocessing = 0;
		};
		A083529E1FCBC131004CF83B /* Resources */ = {
			isa = PBXResourcesBuildPhase;
			buildActionMask = 2147483647;
			files = (
			);
			runOnlyForDeploymentPostprocessing = 0;
		};
/* End PBXResourcesBuildPhase section */

/* Begin PBXSourcesBuildPhase section */
		A08352791FCBC130004CF83B /* Sources */ = {
			isa = PBXSourcesBuildPhase;
			buildActionMask = 2147483647;
			files = (
				A08352B41FCBC175004CF83B /* RefreshHeaader.m in Sources */,
				A08353001FCC043B004CF83B /* FMRefreshHeader.m in Sources */,
				A08352B71FCBE6D3004CF83B /* UIButton+Index.m in Sources */,
				A08352851FCBC131004CF83B /* ViewController.m in Sources */,
				A08352901FCBC131004CF83B /* main.m in Sources */,
				A08352BA1FCBED9B004CF83B /* IndexButton.m in Sources */,
				A08352821FCBC131004CF83B /* AppDelegate.m in Sources */,
			);
			runOnlyForDeploymentPostprocessing = 0;
		};
		A08352911FCBC131004CF83B /* Sources */ = {
			isa = PBXSourcesBuildPhase;
			buildActionMask = 2147483647;
			files = (
				A083529A1FCBC131004CF83B /* IndexDemoTests.m in Sources */,
			);
			runOnlyForDeploymentPostprocessing = 0;
		};
		A083529C1FCBC131004CF83B /* Sources */ = {
			isa = PBXSourcesBuildPhase;
			buildActionMask = 2147483647;
			files = (
				A08352A51FCBC131004CF83B /* IndexDemoUITests.m in Sources */,
			);
			runOnlyForDeploymentPostprocessing = 0;
		};
/* End PBXSourcesBuildPhase section */

/* Begin PBXTargetDependency section */
		A08352971FCBC131004CF83B /* PBXTargetDependency */ = {
			isa = PBXTargetDependency;
			target = A083527C1FCBC130004CF83B /* IndexDemo */;
			targetProxy = A08352961FCBC131004CF83B /* PBXContainerItemProxy */;
		};
		A08352A21FCBC131004CF83B /* PBXTargetDependency */ = {
			isa = PBXTargetDependency;
			target = A083527C1FCBC130004CF83B /* IndexDemo */;
			targetProxy = A08352A11FCBC131004CF83B /* PBXContainerItemProxy */;
		};
/* End PBXTargetDependency section */

/* Begin PBXVariantGroup section */
		A08352861FCBC131004CF83B /* Main.storyboard */ = {
			isa = PBXVariantGroup;
			children = (
				A08352871FCBC131004CF83B /* Base */,
			);
			name = Main.storyboard;
			sourceTree = "<group>";
		};
		A083528B1FCBC131004CF83B /* LaunchScreen.storyboard */ = {
			isa = PBXVariantGroup;
			children = (
				A083528C1FCBC131004CF83B /* Base */,
			);
			name = LaunchScreen.storyboard;
			sourceTree = "<group>";
		};
/* End PBXVariantGroup section */

/* Begin XCBuildConfiguration section */
		A08352A71FCBC131004CF83B /* Debug */ = {
			isa = XCBuildConfiguration;
			buildSettings = {
				ALWAYS_SEARCH_USER_PATHS = NO;
				CLANG_ANALYZER_NONNULL = YES;
				CLANG_ANALYZER_NUMBER_OBJECT_CONVERSION = YES_AGGRESSIVE;
				CLANG_CXX_LANGUAGE_STANDARD = "gnu++14";
				CLANG_CXX_LIBRARY = "libc++";
				CLANG_ENABLE_MODULES = YES;
				CLANG_ENABLE_OBJC_ARC = YES;
				CLANG_WARN_BLOCK_CAPTURE_AUTORELEASING = YES;
				CLANG_WARN_BOOL_CONVERSION = YES;
				CLANG_WARN_COMMA = YES;
				CLANG_WARN_CONSTANT_CONVERSION = YES;
				CLANG_WARN_DIRECT_OBJC_ISA_USAGE = YES_ERROR;
				CLANG_WARN_DOCUMENTATION_COMMENTS = YES;
				CLANG_WARN_EMPTY_BODY = YES;
				CLANG_WARN_ENUM_CONVERSION = YES;
				CLANG_WARN_INFINITE_RECURSION = YES;
				CLANG_WARN_INT_CONVERSION = YES;
				CLANG_WARN_NON_LITERAL_NULL_CONVERSION = YES;
				CLANG_WARN_OBJC_LITERAL_CONVERSION = YES;
				CLANG_WARN_OBJC_ROOT_CLASS = YES_ERROR;
				CLANG_WARN_RANGE_LOOP_ANALYSIS = YES;
				CLANG_WARN_STRICT_PROTOTYPES = YES;
				CLANG_WARN_SUSPICIOUS_MOVE = YES;
				CLANG_WARN_UNGUARDED_AVAILABILITY = YES_AGGRESSIVE;
				CLANG_WARN_UNREACHABLE_CODE = YES;
				CLANG_WARN__DUPLICATE_METHOD_MATCH = YES;
				CODE_SIGN_IDENTITY = "iPhone Developer";
				COPY_PHASE_STRIP = NO;
				DEBUG_INFORMATION_FORMAT = dwarf;
				ENABLE_STRICT_OBJC_MSGSEND = YES;
				ENABLE_TESTABILITY = YES;
				GCC_C_LANGUAGE_STANDARD = gnu11;
				GCC_DYNAMIC_NO_PIC = NO;
				GCC_NO_COMMON_BLOCKS = YES;
				GCC_OPTIMIZATION_LEVEL = 0;
				GCC_PREPROCESSOR_DEFINITIONS = (
					"DEBUG=1",
					"$(inherited)",
				);
				GCC_WARN_64_TO_32_BIT_CONVERSION = YES;
				GCC_WARN_ABOUT_RETURN_TYPE = YES_ERROR;
				GCC_WARN_UNDECLARED_SELECTOR = YES;
				GCC_WARN_UNINITIALIZED_AUTOS = YES_AGGRESSIVE;
				GCC_WARN_UNUSED_FUNCTION = YES;
				GCC_WARN_UNUSED_VARIABLE = YES;
				IPHONEOS_DEPLOYMENT_TARGET = 11.1;
				MTL_ENABLE_DEBUG_INFO = YES;
				ONLY_ACTIVE_ARCH = YES;
				SDKROOT = iphoneos;
			};
			name = Debug;
		};
		A08352A81FCBC131004CF83B /* Release */ = {
			isa = XCBuildConfiguration;
			buildSettings = {
				ALWAYS_SEARCH_USER_PATHS = NO;
				CLANG_ANALYZER_NONNULL = YES;
				CLANG_ANALYZER_NUMBER_OBJECT_CONVERSION = YES_AGGRESSIVE;
				CLANG_CXX_LANGUAGE_STANDARD = "gnu++14";
				CLANG_CXX_LIBRARY = "libc++";
				CLANG_ENABLE_MODULES = YES;
				CLANG_ENABLE_OBJC_ARC = YES;
				CLANG_WARN_BLOCK_CAPTURE_AUTORELEASING = YES;
				CLANG_WARN_BOOL_CONVERSION = YES;
				CLANG_WARN_COMMA = YES;
				CLANG_WARN_CONSTANT_CONVERSION = YES;
				CLANG_WARN_DIRECT_OBJC_ISA_USAGE = YES_ERROR;
				CLANG_WARN_DOCUMENTATION_COMMENTS = YES;
				CLANG_WARN_EMPTY_BODY = YES;
				CLANG_WARN_ENUM_CONVERSION = YES;
				CLANG_WARN_INFINITE_RECURSION = YES;
				CLANG_WARN_INT_CONVERSION = YES;
				CLANG_WARN_NON_LITERAL_NULL_CONVERSION = YES;
				CLANG_WARN_OBJC_LITERAL_CONVERSION = YES;
				CLANG_WARN_OBJC_ROOT_CLASS = YES_ERROR;
				CLANG_WARN_RANGE_LOOP_ANALYSIS = YES;
				CLANG_WARN_STRICT_PROTOTYPES = YES;
				CLANG_WARN_SUSPICIOUS_MOVE = YES;
				CLANG_WARN_UNGUARDED_AVAILABILITY = YES_AGGRESSIVE;
				CLANG_WARN_UNREACHABLE_CODE = YES;
				CLANG_WARN__DUPLICATE_METHOD_MATCH = YES;
				CODE_SIGN_IDENTITY = "iPhone Developer";
				COPY_PHASE_STRIP = NO;
				DEBUG_INFORMATION_FORMAT = "dwarf-with-dsym";
				ENABLE_NS_ASSERTIONS = NO;
				ENABLE_STRICT_OBJC_MSGSEND = YES;
				GCC_C_LANGUAGE_STANDARD = gnu11;
				GCC_NO_COMMON_BLOCKS = YES;
				GCC_WARN_64_TO_32_BIT_CONVERSION = YES;
				GCC_WARN_ABOUT_RETURN_TYPE = YES_ERROR;
				GCC_WARN_UNDECLARED_SELECTOR = YES;
				GCC_WARN_UNINITIALIZED_AUTOS = YES_AGGRESSIVE;
				GCC_WARN_UNUSED_FUNCTION = YES;
				GCC_WARN_UNUSED_VARIABLE = YES;
				IPHONEOS_DEPLOYMENT_TARGET = 11.1;
				MTL_ENABLE_DEBUG_INFO = NO;
				SDKROOT = iphoneos;
				VALIDATE_PRODUCT = YES;
			};
			name = Release;
		};
		A08352AA1FCBC131004CF83B /* Debug */ = {
			isa = XCBuildConfiguration;
			buildSettings = {
				ASSETCATALOG_COMPILER_APPICON_NAME = AppIcon;
				CODE_SIGN_STYLE = Automatic;
				DEVELOPMENT_TEAM = 22B4UKXY6S;
				INFOPLIST_FILE = IndexDemo/Info.plist;
				LD_RUNPATH_SEARCH_PATHS = "$(inherited) @executable_path/Frameworks";
				PRODUCT_BUNDLE_IDENTIFIER = xl.IndexDemo;
				PRODUCT_NAME = "$(TARGET_NAME)";
				TARGETED_DEVICE_FAMILY = "1,2";
			};
			name = Debug;
		};
		A08352AB1FCBC131004CF83B /* Release */ = {
			isa = XCBuildConfiguration;
			buildSettings = {
				ASSETCATALOG_COMPILER_APPICON_NAME = AppIcon;
				CODE_SIGN_STYLE = Automatic;
				DEVELOPMENT_TEAM = 22B4UKXY6S;
				INFOPLIST_FILE = IndexDemo/Info.plist;
				LD_RUNPATH_SEARCH_PATHS = "$(inherited) @executable_path/Frameworks";
				PRODUCT_BUNDLE_IDENTIFIER = xl.IndexDemo;
				PRODUCT_NAME = "$(TARGET_NAME)";
				TARGETED_DEVICE_FAMILY = "1,2";
			};
			name = Release;
		};
		A08352AD1FCBC131004CF83B /* Debug */ = {
			isa = XCBuildConfiguration;
			buildSettings = {
				BUNDLE_LOADER = "$(TEST_HOST)";
				CODE_SIGN_STYLE = Automatic;
				DEVELOPMENT_TEAM = 22B4UKXY6S;
				INFOPLIST_FILE = IndexDemoTests/Info.plist;
				LD_RUNPATH_SEARCH_PATHS = "$(inherited) @executable_path/Frameworks @loader_path/Frameworks";
				PRODUCT_BUNDLE_IDENTIFIER = xl.IndexDemoTests;
				PRODUCT_NAME = "$(TARGET_NAME)";
				TARGETED_DEVICE_FAMILY = "1,2";
				TEST_HOST = "$(BUILT_PRODUCTS_DIR)/IndexDemo.app/IndexDemo";
			};
			name = Debug;
		};
		A08352AE1FCBC131004CF83B /* Release */ = {
			isa = XCBuildConfiguration;
			buildSettings = {
				BUNDLE_LOADER = "$(TEST_HOST)";
				CODE_SIGN_STYLE = Automatic;
				DEVELOPMENT_TEAM = 22B4UKXY6S;
				INFOPLIST_FILE = IndexDemoTests/Info.plist;
				LD_RUNPATH_SEARCH_PATHS = "$(inherited) @executable_path/Frameworks @loader_path/Frameworks";
				PRODUCT_BUNDLE_IDENTIFIER = xl.IndexDemoTests;
				PRODUCT_NAME = "$(TARGET_NAME)";
				TARGETED_DEVICE_FAMILY = "1,2";
				TEST_HOST = "$(BUILT_PRODUCTS_DIR)/IndexDemo.app/IndexDemo";
			};
			name = Release;
		};
		A08352B01FCBC131004CF83B /* Debug */ = {
			isa = XCBuildConfiguration;
			buildSettings = {
				CODE_SIGN_STYLE = Automatic;
				DEVELOPMENT_TEAM = 22B4UKXY6S;
				INFOPLIST_FILE = IndexDemoUITests/Info.plist;
				LD_RUNPATH_SEARCH_PATHS = "$(inherited) @executable_path/Frameworks @loader_path/Frameworks";
				PRODUCT_BUNDLE_IDENTIFIER = xl.IndexDemoUITests;
				PRODUCT_NAME = "$(TARGET_NAME)";
				TARGETED_DEVICE_FAMILY = "1,2";
				TEST_TARGET_NAME = IndexDemo;
			};
			name = Debug;
		};
		A08352B11FCBC131004CF83B /* Release */ = {
			isa = XCBuildConfiguration;
			buildSettings = {
				CODE_SIGN_STYLE = Automatic;
				DEVELOPMENT_TEAM = 22B4UKXY6S;
				INFOPLIST_FILE = IndexDemoUITests/Info.plist;
				LD_RUNPATH_SEARCH_PATHS = "$(inherited) @executable_path/Frameworks @loader_path/Frameworks";
				PRODUCT_BUNDLE_IDENTIFIER = xl.IndexDemoUITests;
				PRODUCT_NAME = "$(TARGET_NAME)";
				TARGETED_DEVICE_FAMILY = "1,2";
				TEST_TARGET_NAME = IndexDemo;
			};
			name = Release;
		};
/* End XCBuildConfiguration section */

/* Begin XCConfigurationList section */
		A08352781FCBC130004CF83B /* Build configuration list for PBXProject "IndexDemo" */ = {
			isa = XCConfigurationList;
			buildConfigurations = (
				A08352A71FCBC131004CF83B /* Debug */,
				A08352A81FCBC131004CF83B /* Release */,
			);
			defaultConfigurationIsVisible = 0;
			defaultConfigurationName = Release;
		};
		A08352A91FCBC131004CF83B /* Build configuration list for PBXNativeTarget "IndexDemo" */ = {
			isa = XCConfigurationList;
			buildConfigurations = (
				A08352AA1FCBC131004CF83B /* Debug */,
				A08352AB1FCBC131004CF83B /* Release */,
			);
			defaultConfigurationIsVisible = 0;
			defaultConfigurationName = Release;
		};
		A08352AC1FCBC131004CF83B /* Build configuration list for PBXNativeTarget "IndexDemoTests" */ = {
			isa = XCConfigurationList;
			buildConfigurations = (
				A08352AD1FCBC131004CF83B /* Debug */,
				A08352AE1FCBC131004CF83B /* Release */,
			);
			defaultConfigurationIsVisible = 0;
			defaultConfigurationName = Release;
		};
		A08352AF1FCBC131004CF83B /* Build configuration list for PBXNativeTarget "IndexDemoUITests" */ = {
			isa = XCConfigurationList;
			buildConfigurations = (
				A08352B01FCBC131004CF83B /* Debug */,
				A08352B11FCBC131004CF83B /* Release */,
			);
			defaultConfigurationIsVisible = 0;
			defaultConfigurationName = Release;
		};
/* End XCConfigurationList section */
	};
	rootObject = A08352751FCBC130004CF83B /* Project object */;
}
